{
    "requires": true,
    "lockfileVersion": 1,
    "dependencies": {
        "qs": {
            "version": "6.9.7",
            "resolved": "https://registry.npmjs.org/qs/-/qs-6.9.7.tgz",
            "integrity": "sha512-IhMFgUmuNpyRfxA90umL7ByLlgRXu6tIfKPpF5TmcfRLlLCckfP/g3IQmju6jjpu+Hh8rA+2p6A27ZSPOOHdKw=="
        },
        "ziggy-js": {
            "version": "2.4.0",
            "resolved": "https://registry.npmjs.org/ziggy-js/-/ziggy-js-2.4.0.tgz",
            "integrity": "sha512-UT+nclN3LR/QYGdgW9c3J0FPr6tOqz1dGnZteMBSTZS/FTlCusmqyX1MzHrFP3uuv03tQr4vMMrqqnp20T8rmA==",
            "requires": {
                "qs": "~6.9.7"
            }
        }
    }
}
